
Microsoft Visual Studio Solution File, Format Version 12.00
# Visual Studio Version 17
VisualStudioVersion = 17.5.33516.290
MinimumVisualStudioVersion = 10.0.40219.1
Project("{FAE04EC0-301F-11D3-BF4B-00C04F79EFBC}") = "DailyEntryArchiving", "DailyEntryArchiving.csproj", "{ECBEDBFB-A53F-454A-88F3-BB7162CACCB1}"
EndProject
Global
	GlobalSection(SolutionConfigurationPlatforms) = preSolution
		Debug|Any CPU = Debug|Any CPU
		Release|Any CPU = Release|Any CPU
	EndGlobalSection
	GlobalSection(ProjectConfigurationPlatforms) = postSolution
		{ECBEDBFB-A53F-454A-88F3-BB7162CACCB1}.Debug|Any CPU.ActiveCfg = Debug|Any CPU
		{ECBEDBFB-A53F-454A-88F3-BB7162CACCB1}.Debug|Any CPU.Build.0 = Debug|Any CPU
		{ECBEDBFB-A53F-454A-88F3-BB7162CACCB1}.Release|Any CPU.ActiveCfg = Release|Any CPU
		{ECBEDBFB-A53F-454A-88F3-BB7162CACCB1}.Release|Any CPU.Build.0 = Release|Any CPU
	EndGlobalSection
	GlobalSection(SolutionProperties) = preSolution
		HideSolutionNode = FALSE
	EndGlobalSection
	GlobalSection(ExtensibilityGlobals) = postSolution
		SolutionGuid = {4F12601C-2CEB-475B-9FB8-E1E19DE26842}
	EndGlobalSection
EndGlobal
